// !$*UTF8*$!
{
	archiveVersion = 1;
	classes = {
	};
	objectVersion = 55;
	objects = {

/* Begin PBXBuildFile section */
		4C58119BBF036E6FD2543DF7 /* Pods_SpaceX.framework in Frameworks */ = {isa = PBXBuildFile; fileRef = FF897A5A6D54DA10ABD449AB /* Pods_SpaceX.framework */; };
		8E2AD0AD28BD1C5500E92FAA /* UIViewExtensions.swift in Sources */ = {isa = PBXBuildFile; fileRef = 8E2AD0AC28BD1C5500E92FAA /* UIViewExtensions.swift */; };
		8E7FEE0E28B95D6100A1F72A /* LaunchesAPI.swift in Sources */ = {isa = PBXBuildFile; fileRef = 8E7FEE0D28B95D6100A1F72A /* LaunchesAPI.swift */; };
		8E7FEE1028B95DAD00A1F72A /* Launches.swift in Sources */ = {isa = PBXBuildFile; fileRef = 8E7FEE0F28B95DAD00A1F72A /* Launches.swift */; };
		8E86F83728B801A8004FA943 /* LoadingModel.swift in Sources */ = {isa = PBXBuildFile; fileRef = 8E86F83628B801A8004FA943 /* LoadingModel.swift */; };
		8E86F83928B8021B004FA943 /* LoadingViewModel.swift in Sources */ = {isa = PBXBuildFile; fileRef = 8E86F83828B8021B004FA943 /* LoadingViewModel.swift */; };
		8E86F83C28B8035F004FA943 /* Box.swift in Sources */ = {isa = PBXBuildFile; fileRef = 8E86F83B28B8035F004FA943 /* Box.swift */; };
		8E86F83E28B8062B004FA943 /* LoadingViewController.swift in Sources */ = {isa = PBXBuildFile; fileRef = 8E86F83D28B8062B004FA943 /* LoadingViewController.swift */; };
		8E86F84128B80CC5004FA943 /* Storyboard.swift in Sources */ = {isa = PBXBuildFile; fileRef = 8E86F84028B80CC5004FA943 /* Storyboard.swift */; };
		8E86F84728B81099004FA943 /* Launches.storyboard in Resources */ = {isa = PBXBuildFile; fileRef = 8E86F84628B81099004FA943 /* Launches.storyboard */; };
		8E86F84928B810B9004FA943 /* LaunchesViewController.swift in Sources */ = {isa = PBXBuildFile; fileRef = 8E86F84828B810B9004FA943 /* LaunchesViewController.swift */; };
		8E86F84C28B810E4004FA943 /* LaunchesViewModel.swift in Sources */ = {isa = PBXBuildFile; fileRef = 8E86F84B28B810E4004FA943 /* LaunchesViewModel.swift */; };
		8E86F84E28B81706004FA943 /* Webservice.swift in Sources */ = {isa = PBXBuildFile; fileRef = 8E86F84D28B81706004FA943 /* Webservice.swift */; };
		8E86F85228B8174C004FA943 /* APIPath.swift in Sources */ = {isa = PBXBuildFile; fileRef = 8E86F85128B8174C004FA943 /* APIPath.swift */; };
		8EC9EDB428B759CE00BC78AE /* AppDelegate.swift in Sources */ = {isa = PBXBuildFile; fileRef = 8EC9EDB328B759CE00BC78AE /* AppDelegate.swift */; };
		8EC9EDB628B759CE00BC78AE /* SceneDelegate.swift in Sources */ = {isa = PBXBuildFile; fileRef = 8EC9EDB528B759CE00BC78AE /* SceneDelegate.swift */; };
		8EC9EDBB28B759CE00BC78AE /* Main.storyboard in Resources */ = {isa = PBXBuildFile; fileRef = 8EC9EDB928B759CE00BC78AE /* Main.storyboard */; };
		8EC9EDBD28B759D100BC78AE /* Assets.xcassets in Resources */ = {isa = PBXBuildFile; fileRef = 8EC9EDBC28B759D100BC78AE /* Assets.xcassets */; };
		8EC9EDC028B759D100BC78AE /* LaunchScreen.storyboard in Resources */ = {isa = PBXBuildFile; fileRef = 8EC9EDBE28B759D100BC78AE /* LaunchScreen.storyboard */; };
		8EC9EDCB28B759D100BC78AE /* SpaceXTests.swift in Sources */ = {isa = PBXBuildFile; fileRef = 8EC9EDCA28B759D100BC78AE /* SpaceXTests.swift */; };
		8EC9EDD528B759D100BC78AE /* SpaceXUITests.swift in Sources */ = {isa = PBXBuildFile; fileRef = 8EC9EDD428B759D100BC78AE /* SpaceXUITests.swift */; };
		8EC9EDD728B759D100BC78AE /* SpaceXUITestsLaunchTests.swift in Sources */ = {isa = PBXBuildFile; fileRef = 8EC9EDD628B759D100BC78AE /* SpaceXUITestsLaunchTests.swift */; };
		8EC9EDEA28B7668E00BC78AE /* Color Assets.xcassets in Resources */ = {isa = PBXBuildFile; fileRef = 8EC9EDE928B7668E00BC78AE /* Color Assets.xcassets */; };
		8EC9EDF028B7848000BC78AE /* APIClient.swift in Sources */ = {isa = PBXBuildFile; fileRef = 8EC9EDEE28B7848000BC78AE /* APIClient.swift */; };
		8EC9EDF128B7848000BC78AE /* APIRouter.swift in Sources */ = {isa = PBXBuildFile; fileRef = 8EC9EDEF28B7848000BC78AE /* APIRouter.swift */; };
		8EC9EDF328B784CD00BC78AE /* DefaultViewController.swift in Sources */ = {isa = PBXBuildFile; fileRef = 8EC9EDF228B784CD00BC78AE /* DefaultViewController.swift */; };
		8EC9EDF628B78A6C00BC78AE /* singeltons.swift in Sources */ = {isa = PBXBuildFile; fileRef = 8EC9EDF528B78A6C00BC78AE /* singeltons.swift */; };
		8ECA932D28BA0C2800FD3A3A /* LaunchesAPIClient.swift in Sources */ = {isa = PBXBuildFile; fileRef = 8ECA932C28BA0C2800FD3A3A /* LaunchesAPIClient.swift */; };
		8ECA933128BA18AF00FD3A3A /* DataRequestRepository.swift in Sources */ = {isa = PBXBuildFile; fileRef = 8ECA933028BA18AF00FD3A3A /* DataRequestRepository.swift */; };
		8ECA933328BA198A00FD3A3A /* GenericResponseResult.swift in Sources */ = {isa = PBXBuildFile; fileRef = 8ECA933228BA198A00FD3A3A /* GenericResponseResult.swift */; };
		8ECA933528BA1BC100FD3A3A /* LaunchesModel.swift in Sources */ = {isa = PBXBuildFile; fileRef = 8ECA933428BA1BC100FD3A3A /* LaunchesModel.swift */; };
		8ECA933728BA1C0A00FD3A3A /* LaunchesAPIDataRequest.swift in Sources */ = {isa = PBXBuildFile; fileRef = 8ECA933628BA1C0A00FD3A3A /* LaunchesAPIDataRequest.swift */; };
		8ECA933928BA1C2200FD3A3A /* LaunchesFakeDataRequest.swift in Sources */ = {isa = PBXBuildFile; fileRef = 8ECA933828BA1C2100FD3A3A /* LaunchesFakeDataRequest.swift */; };
		8ECA933B28BA2A1B00FD3A3A /* Constants.swift in Sources */ = {isa = PBXBuildFile; fileRef = 8ECA933A28BA2A1B00FD3A3A /* Constants.swift */; };
		8ECA933D28BA527100FD3A3A /* IsTesting.swift in Sources */ = {isa = PBXBuildFile; fileRef = 8ECA933C28BA527100FD3A3A /* IsTesting.swift */; };
		8ECA933F28BA5A2000FD3A3A /* Alert.swift in Sources */ = {isa = PBXBuildFile; fileRef = 8ECA933E28BA5A2000FD3A3A /* Alert.swift */; };
		8ECA934428BA976400FD3A3A /* Lato-Bold.ttf in Resources */ = {isa = PBXBuildFile; fileRef = 8ECA934128BA976400FD3A3A /* Lato-Bold.ttf */; };
		8ECA934528BA976400FD3A3A /* Lato-Medium.ttf in Resources */ = {isa = PBXBuildFile; fileRef = 8ECA934228BA976400FD3A3A /* Lato-Medium.ttf */; };
		8ECA934628BA976400FD3A3A /* Lato-Regular.ttf in Resources */ = {isa = PBXBuildFile; fileRef = 8ECA934328BA976400FD3A3A /* Lato-Regular.ttf */; };
		8ECA934828BA990400FD3A3A /* Fonts.swift in Sources */ = {isa = PBXBuildFile; fileRef = 8ECA934728BA990400FD3A3A /* Fonts.swift */; };
		8ECA934A28BA9B7C00FD3A3A /* AppColors.swift in Sources */ = {isa = PBXBuildFile; fileRef = 8ECA934928BA9B7C00FD3A3A /* AppColors.swift */; };
		8EDBD27028BBDF0100DE93BC /* UIStyle.swift in Sources */ = {isa = PBXBuildFile; fileRef = 8EDBD26F28BBDF0100DE93BC /* UIStyle.swift */; };
		8EDBD27328BBDFD100DE93BC /* UILabelExtensions.swift in Sources */ = {isa = PBXBuildFile; fileRef = 8EDBD27228BBDFD100DE93BC /* UILabelExtensions.swift */; };
		8EDBD27828BBF23700DE93BC /* LaunchesCollectionViewCell.swift in Sources */ = {isa = PBXBuildFile; fileRef = 8EDBD27628BBF23700DE93BC /* LaunchesCollectionViewCell.swift */; };
		8EDBD27928BBF23700DE93BC /* LaunchesCollectionViewCell.xib in Resources */ = {isa = PBXBuildFile; fileRef = 8EDBD27728BBF23700DE93BC /* LaunchesCollectionViewCell.xib */; };
		8EDBD27F28BC14A000DE93BC /* Lato-Black.ttf in Resources */ = {isa = PBXBuildFile; fileRef = 8EDBD27E28BC14A000DE93BC /* Lato-Black.ttf */; };
/* End PBXBuildFile section */

/* Begin PBXContainerItemProxy section */
		8EC9EDC728B759D100BC78AE /* PBXContainerItemProxy */ = {
			isa = PBXContainerItemProxy;
			containerPortal = 8EC9EDA828B759CE00BC78AE /* Project object */;
			proxyType = 1;
			remoteGlobalIDString = 8EC9EDAF28B759CE00BC78AE;
			remoteInfo = SpaceX;
		};
		8EC9EDD128B759D100BC78AE /* PBXContainerItemProxy */ = {
			isa = PBXContainerItemProxy;
			containerPortal = 8EC9EDA828B759CE00BC78AE /* Project object */;
			proxyType = 1;
			remoteGlobalIDString = 8EC9EDAF28B759CE00BC78AE;
			remoteInfo = SpaceX;
		};
/* End PBXContainerItemProxy section */

/* Begin PBXFileReference section */
		17BF3344D483F89B3F04E448 /* Pods-SpaceX.debug.xcconfig */ = {isa = PBXFileReference; includeInIndex = 1; lastKnownFileType = text.xcconfig; name = "Pods-SpaceX.debug.xcconfig"; path = "Target Support Files/Pods-SpaceX/Pods-SpaceX.debug.xcconfig"; sourceTree = "<group>"; };
		715C645B378A21E322D1808C /* Pods-SpaceX.release.xcconfig */ = {isa = PBXFileReference; includeInIndex = 1; lastKnownFileType = text.xcconfig; name = "Pods-SpaceX.release.xcconfig"; path = "Target Support Files/Pods-SpaceX/Pods-SpaceX.release.xcconfig"; sourceTree = "<group>"; };
		8E2AD0AC28BD1C5500E92FAA /* UIViewExtensions.swift */ = {isa = PBXFileReference; lastKnownFileType = sourcecode.swift; path = UIViewExtensions.swift; sourceTree = "<group>"; };
		8E7FEE0D28B95D6100A1F72A /* LaunchesAPI.swift */ = {isa = PBXFileReference; lastKnownFileType = sourcecode.swift; path = LaunchesAPI.swift; sourceTree = "<group>"; };
		8E7FEE0F28B95DAD00A1F72A /* Launches.swift */ = {isa = PBXFileReference; lastKnownFileType = sourcecode.swift; path = Launches.swift; sourceTree = "<group>"; };
		8E86F83628B801A8004FA943 /* LoadingModel.swift */ = {isa = PBXFileReference; lastKnownFileType = sourcecode.swift; path = LoadingModel.swift; sourceTree = "<group>"; };
		8E86F83828B8021B004FA943 /* LoadingViewModel.swift */ = {isa = PBXFileReference; lastKnownFileType = sourcecode.swift; path = LoadingViewModel.swift; sourceTree = "<group>"; };
		8E86F83B28B8035F004FA943 /* Box.swift */ = {isa = PBXFileReference; lastKnownFileType = sourcecode.swift; path = Box.swift; sourceTree = "<group>"; };
		8E86F83D28B8062B004FA943 /* LoadingViewController.swift */ = {isa = PBXFileReference; lastKnownFileType = sourcecode.swift; path = LoadingViewController.swift; sourceTree = "<group>"; };
		8E86F84028B80CC5004FA943 /* Storyboard.swift */ = {isa = PBXFileReference; lastKnownFileType = sourcecode.swift; path = Storyboard.swift; sourceTree = "<group>"; };
		8E86F84628B81099004FA943 /* Launches.storyboard */ = {isa = PBXFileReference; lastKnownFileType = file.storyboard; path = Launches.storyboard; sourceTree = "<group>"; };
		8E86F84828B810B9004FA943 /* LaunchesViewController.swift */ = {isa = PBXFileReference; lastKnownFileType = sourcecode.swift; path = LaunchesViewController.swift; sourceTree = "<group>"; };
		8E86F84B28B810E4004FA943 /* LaunchesViewModel.swift */ = {isa = PBXFileReference; lastKnownFileType = sourcecode.swift; path = LaunchesViewModel.swift; sourceTree = "<group>"; };
		8E86F84D28B81706004FA943 /* Webservice.swift */ = {isa = PBXFileReference; lastKnownFileType = sourcecode.swift; path = Webservice.swift; sourceTree = "<group>"; };
		8E86F85128B8174C004FA943 /* APIPath.swift */ = {isa = PBXFileReference; lastKnownFileType = sourcecode.swift; path = APIPath.swift; sourceTree = "<group>"; };
		8EC9EDB028B759CE00BC78AE /* SpaceX.app */ = {isa = PBXFileReference; explicitFileType = wrapper.application; includeInIndex = 0; path = SpaceX.app; sourceTree = BUILT_PRODUCTS_DIR; };
		8EC9EDB328B759CE00BC78AE /* AppDelegate.swift */ = {isa = PBXFileReference; lastKnownFileType = sourcecode.swift; path = AppDelegate.swift; sourceTree = "<group>"; };
		8EC9EDB528B759CE00BC78AE /* SceneDelegate.swift */ = {isa = PBXFileReference; lastKnownFileType = sourcecode.swift; path = SceneDelegate.swift; sourceTree = "<group>"; };
		8EC9EDBA28B759CE00BC78AE /* Base */ = {isa = PBXFileReference; lastKnownFileType = file.storyboard; name = Base; path = Base.lproj/Main.storyboard; sourceTree = "<group>"; };
		8EC9EDBC28B759D100BC78AE /* Assets.xcassets */ = {isa = PBXFileReference; lastKnownFileType = folder.assetcatalog; path = Assets.xcassets; sourceTree = "<group>"; };
		8EC9EDBF28B759D100BC78AE /* Base */ = {isa = PBXFileReference; lastKnownFileType = file.storyboard; name = Base; path = Base.lproj/LaunchScreen.storyboard; sourceTree = "<group>"; };
		8EC9EDC128B759D100BC78AE /* Info.plist */ = {isa = PBXFileReference; lastKnownFileType = text.plist.xml; path = Info.plist; sourceTree = "<group>"; };
		8EC9EDC628B759D100BC78AE /* SpaceXTests.xctest */ = {isa = PBXFileReference; explicitFileType = wrapper.cfbundle; includeInIndex = 0; path = SpaceXTests.xctest; sourceTree = BUILT_PRODUCTS_DIR; };
		8EC9EDCA28B759D100BC78AE /* SpaceXTests.swift */ = {isa = PBXFileReference; lastKnownFileType = sourcecode.swift; path = SpaceXTests.swift; sourceTree = "<group>"; };
		8EC9EDD028B759D100BC78AE /* SpaceXUITests.xctest */ = {isa = PBXFileReference; explicitFileType = wrapper.cfbundle; includeInIndex = 0; path = SpaceXUITests.xctest; sourceTree = BUILT_PRODUCTS_DIR; };
		8EC9EDD428B759D100BC78AE /* SpaceXUITests.swift */ = {isa = PBXFileReference; lastKnownFileType = sourcecode.swift; path = SpaceXUITests.swift; sourceTree = "<group>"; };
		8EC9EDD628B759D100BC78AE /* SpaceXUITestsLaunchTests.swift */ = {isa = PBXFileReference; lastKnownFileType = sourcecode.swift; path = SpaceXUITestsLaunchTests.swift; sourceTree = "<group>"; };
		8EC9EDE928B7668E00BC78AE /* Color Assets.xcassets */ = {isa = PBXFileReference; lastKnownFileType = folder.assetcatalog; path = "Color Assets.xcassets"; sourceTree = "<group>"; };
		8EC9EDEE28B7848000BC78AE /* APIClient.swift */ = {isa = PBXFileReference; fileEncoding = 4; lastKnownFileType = sourcecode.swift; path = APIClient.swift; sourceTree = "<group>"; };
		8EC9EDEF28B7848000BC78AE /* APIRouter.swift */ = {isa = PBXFileReference; fileEncoding = 4; lastKnownFileType = sourcecode.swift; path = APIRouter.swift; sourceTree = "<group>"; };
		8EC9EDF228B784CD00BC78AE /* DefaultViewController.swift */ = {isa = PBXFileReference; lastKnownFileType = sourcecode.swift; path = DefaultViewController.swift; sourceTree = "<group>"; };
		8EC9EDF528B78A6C00BC78AE /* singeltons.swift */ = {isa = PBXFileReference; fileEncoding = 4; lastKnownFileType = sourcecode.swift; path = singeltons.swift; sourceTree = "<group>"; };
		8ECA932C28BA0C2800FD3A3A /* LaunchesAPIClient.swift */ = {isa = PBXFileReference; lastKnownFileType = sourcecode.swift; path = LaunchesAPIClient.swift; sourceTree = "<group>"; };
		8ECA933028BA18AF00FD3A3A /* DataRequestRepository.swift */ = {isa = PBXFileReference; lastKnownFileType = sourcecode.swift; path = DataRequestRepository.swift; sourceTree = "<group>"; };
		8ECA933228BA198A00FD3A3A /* GenericResponseResult.swift */ = {isa = PBXFileReference; lastKnownFileType = sourcecode.swift; path = GenericResponseResult.swift; sourceTree = "<group>"; };
		8ECA933428BA1BC100FD3A3A /* LaunchesModel.swift */ = {isa = PBXFileReference; lastKnownFileType = sourcecode.swift; path = LaunchesModel.swift; sourceTree = "<group>"; };
		8ECA933628BA1C0A00FD3A3A /* LaunchesAPIDataRequest.swift */ = {isa = PBXFileReference; lastKnownFileType = sourcecode.swift; path = LaunchesAPIDataRequest.swift; sourceTree = "<group>"; };
		8ECA933828BA1C2100FD3A3A /* LaunchesFakeDataRequest.swift */ = {isa = PBXFileReference; lastKnownFileType = sourcecode.swift; path = LaunchesFakeDataRequest.swift; sourceTree = "<group>"; };
		8ECA933A28BA2A1B00FD3A3A /* Constants.swift */ = {isa = PBXFileReference; lastKnownFileType = sourcecode.swift; path = Constants.swift; sourceTree = "<group>"; };
		8ECA933C28BA527100FD3A3A /* IsTesting.swift */ = {isa = PBXFileReference; lastKnownFileType = sourcecode.swift; path = IsTesting.swift; sourceTree = "<group>"; };
		8ECA933E28BA5A2000FD3A3A /* Alert.swift */ = {isa = PBXFileReference; lastKnownFileType = sourcecode.swift; path = Alert.swift; sourceTree = "<group>"; };
		8ECA934128BA976400FD3A3A /* Lato-Bold.ttf */ = {isa = PBXFileReference; lastKnownFileType = file; path = "Lato-Bold.ttf"; sourceTree = "<group>"; };
		8ECA934228BA976400FD3A3A /* Lato-Medium.ttf */ = {isa = PBXFileReference; lastKnownFileType = file; path = "Lato-Medium.ttf"; sourceTree = "<group>"; };
		8ECA934328BA976400FD3A3A /* Lato-Regular.ttf */ = {isa = PBXFileReference; lastKnownFileType = file; path = "Lato-Regular.ttf"; sourceTree = "<group>"; };
		8ECA934728BA990400FD3A3A /* Fonts.swift */ = {isa = PBXFileReference; lastKnownFileType = sourcecode.swift; path = Fonts.swift; sourceTree = "<group>"; };
		8ECA934928BA9B7C00FD3A3A /* AppColors.swift */ = {isa = PBXFileReference; lastKnownFileType = sourcecode.swift; path = AppColors.swift; sourceTree = "<group>"; };
		8EDBD26F28BBDF0100DE93BC /* UIStyle.swift */ = {isa = PBXFileReference; lastKnownFileType = sourcecode.swift; path = UIStyle.swift; sourceTree = "<group>"; };
		8EDBD27228BBDFD100DE93BC /* UILabelExtensions.swift */ = {isa = PBXFileReference; lastKnownFileType = sourcecode.swift; path = UILabelExtensions.swift; sourceTree = "<group>"; };
		8EDBD27628BBF23700DE93BC /* LaunchesCollectionViewCell.swift */ = {isa = PBXFileReference; lastKnownFileType = sourcecode.swift; path = LaunchesCollectionViewCell.swift; sourceTree = "<group>"; };
		8EDBD27728BBF23700DE93BC /* LaunchesCollectionViewCell.xib */ = {isa = PBXFileReference; lastKnownFileType = file.xib; path = LaunchesCollectionViewCell.xib; sourceTree = "<group>"; };
		8EDBD27E28BC14A000DE93BC /* Lato-Black.ttf */ = {isa = PBXFileReference; lastKnownFileType = file; path = "Lato-Black.ttf"; sourceTree = "<group>"; };
		FF897A5A6D54DA10ABD449AB /* Pods_SpaceX.framework */ = {isa = PBXFileReference; explicitFileType = wrapper.framework; includeInIndex = 0; path = Pods_SpaceX.framework; sourceTree = BUILT_PRODUCTS_DIR; };
/* End PBXFileReference section */

/* Begin PBXFrameworksBuildPhase section */
		8EC9EDAD28B759CE00BC78AE /* Frameworks */ = {
			isa = PBXFrameworksBuildPhase;
			buildActionMask = 2147483647;
			files = (
				4C58119BBF036E6FD2543DF7 /* Pods_SpaceX.framework in Frameworks */,
			);
			runOnlyForDeploymentPostprocessing = 0;
		};
		8EC9EDC328B759D100BC78AE /* Frameworks */ = {
			isa = PBXFrameworksBuildPhase;
			buildActionMask = 2147483647;
			files = (
			);
			runOnlyForDeploymentPostprocessing = 0;
		};
		8EC9EDCD28B759D100BC78AE /* Frameworks */ = {
			isa = PBXFrameworksBuildPhase;
			buildActionMask = 2147483647;
			files = (
			);
			runOnlyForDeploymentPostprocessing = 0;
		};
/* End PBXFrameworksBuildPhase section */

/* Begin PBXGroup section */
		722D655820A3C7BAD02E5CD4 /* Pods */ = {
			isa = PBXGroup;
			children = (
				17BF3344D483F89B3F04E448 /* Pods-SpaceX.debug.xcconfig */,
				715C645B378A21E322D1808C /* Pods-SpaceX.release.xcconfig */,
			);
			path = Pods;
			sourceTree = "<group>";
		};
		8E86F83528B80195004FA943 /* Model */ = {
			isa = PBXGroup;
			children = (
				8E86F83628B801A8004FA943 /* LoadingModel.swift */,
			);
			path = Model;
			sourceTree = "<group>";
		};
		8E86F83A28B8034A004FA943 /* Class */ = {
			isa = PBXGroup;
			children = (
				8E86F83B28B8035F004FA943 /* Box.swift */,
				8ECA933228BA198A00FD3A3A /* GenericResponseResult.swift */,
			);
			path = Class;
			sourceTree = "<group>";
		};
		8E86F83F28B80CA5004FA943 /* Enums */ = {
			isa = PBXGroup;
			children = (
				8ECA933E28BA5A2000FD3A3A /* Alert.swift */,
				8EDBD26F28BBDF0100DE93BC /* UIStyle.swift */,
				8ECA933C28BA527100FD3A3A /* IsTesting.swift */,
				8ECA934928BA9B7C00FD3A3A /* AppColors.swift */,
				8E86F84028B80CC5004FA943 /* Storyboard.swift */,
				8E86F84D28B81706004FA943 /* Webservice.swift */,
			);
			path = Enums;
			sourceTree = "<group>";
		};
		8E86F84328B81008004FA943 /* Launches */ = {
			isa = PBXGroup;
			children = (
				8E86F84428B81076004FA943 /* Data Layer */,
				8E86F84528B8107F004FA943 /* UI Layer */,
			);
			path = Launches;
			sourceTree = "<group>";
		};
		8E86F84428B81076004FA943 /* Data Layer */ = {
			isa = PBXGroup;
			children = (
				8ECA932E28BA183D00FD3A3A /* Model */,
				8ECA932F28BA184200FD3A3A /* Repositories */,
			);
			path = "Data Layer";
			sourceTree = "<group>";
		};
		8E86F84528B8107F004FA943 /* UI Layer */ = {
			isa = PBXGroup;
			children = (
				8E86F84628B81099004FA943 /* Launches.storyboard */,
				8E86F84B28B810E4004FA943 /* LaunchesViewModel.swift */,
				8E86F84828B810B9004FA943 /* LaunchesViewController.swift */,
				8EDBD27528BBF20C00DE93BC /* Cell */,
			);
			path = "UI Layer";
			sourceTree = "<group>";
		};
		8E86F84F28B81715004FA943 /* Model */ = {
			isa = PBXGroup;
			children = (
				8E86F85128B8174C004FA943 /* APIPath.swift */,
				8E7FEE0F28B95DAD00A1F72A /* Launches.swift */,
			);
			path = Model;
			sourceTree = "<group>";
		};
		8E86F85328B81847004FA943 /* Remote API Request */ = {
			isa = PBXGroup;
			children = (
				8ECA932B28BA0BDA00FD3A3A /* Launches */,
			);
			path = "Remote API Request";
			sourceTree = "<group>";
		};
		8EC9EDA728B759CE00BC78AE = {
			isa = PBXGroup;
			children = (
				8EC9EDB228B759CE00BC78AE /* SpaceX */,
				8EC9EDEC28B7843D00BC78AE /* Supporting Files */,
				8EC9EDC928B759D100BC78AE /* SpaceXTests */,
				8EC9EDD328B759D100BC78AE /* SpaceXUITests */,
				8EC9EDB128B759CE00BC78AE /* Products */,
				722D655820A3C7BAD02E5CD4 /* Pods */,
				9182A65EB2E476D0DD9ACE50 /* Frameworks */,
			);
			sourceTree = "<group>";
		};
		8EC9EDB128B759CE00BC78AE /* Products */ = {
			isa = PBXGroup;
			children = (
				8EC9EDB028B759CE00BC78AE /* SpaceX.app */,
				8EC9EDC628B759D100BC78AE /* SpaceXTests.xctest */,
				8EC9EDD028B759D100BC78AE /* SpaceXUITests.xctest */,
			);
			name = Products;
			sourceTree = "<group>";
		};
		8EC9EDB228B759CE00BC78AE /* SpaceX */ = {
			isa = PBXGroup;
			children = (
				8EC9EDEB28B7686900BC78AE /* PList */,
				8EC9EDE828B7666B00BC78AE /* Assets */,
				8EC9EDE728B765C200BC78AE /* App + Scene Delegate */,
				8EC9EDE328B7605500BC78AE /* Scenes */,
				8E86F85328B81847004FA943 /* Remote API Request */,
			);
			path = SpaceX;
			sourceTree = "<group>";
		};
		8EC9EDC928B759D100BC78AE /* SpaceXTests */ = {
			isa = PBXGroup;
			children = (
				8EC9EDCA28B759D100BC78AE /* SpaceXTests.swift */,
			);
			path = SpaceXTests;
			sourceTree = "<group>";
		};
		8EC9EDD328B759D100BC78AE /* SpaceXUITests */ = {
			isa = PBXGroup;
			children = (
				8EC9EDD428B759D100BC78AE /* SpaceXUITests.swift */,
				8EC9EDD628B759D100BC78AE /* SpaceXUITestsLaunchTests.swift */,
			);
			path = SpaceXUITests;
			sourceTree = "<group>";
		};
		8EC9EDE328B7605500BC78AE /* Scenes */ = {
			isa = PBXGroup;
			children = (
				8EC9EDF228B784CD00BC78AE /* DefaultViewController.swift */,
				8EC9EDE428B7608100BC78AE /* Main */,
				8E86F84328B81008004FA943 /* Launches */,
			);
			path = Scenes;
			sourceTree = "<group>";
		};
		8EC9EDE428B7608100BC78AE /* Main */ = {
			isa = PBXGroup;
			children = (
				8EC9EDE528B760A300BC78AE /* Data Layer */,
				8EC9EDE628B760AD00BC78AE /* UI Layer */,
			);
			path = Main;
			sourceTree = "<group>";
		};
		8EC9EDE528B760A300BC78AE /* Data Layer */ = {
			isa = PBXGroup;
			children = (
				8E86F83528B80195004FA943 /* Model */,
			);
			path = "Data Layer";
			sourceTree = "<group>";
		};
		8EC9EDE628B760AD00BC78AE /* UI Layer */ = {
			isa = PBXGroup;
			children = (
				8EC9EDB928B759CE00BC78AE /* Main.storyboard */,
				8EC9EDBE28B759D100BC78AE /* LaunchScreen.storyboard */,
				8E86F83828B8021B004FA943 /* LoadingViewModel.swift */,
				8E86F83D28B8062B004FA943 /* LoadingViewController.swift */,
			);
			path = "UI Layer";
			sourceTree = "<group>";
		};
		8EC9EDE728B765C200BC78AE /* App + Scene Delegate */ = {
			isa = PBXGroup;
			children = (
				8EC9EDB328B759CE00BC78AE /* AppDelegate.swift */,
				8EC9EDB528B759CE00BC78AE /* SceneDelegate.swift */,
			);
			path = "App + Scene Delegate";
			sourceTree = "<group>";
		};
		8EC9EDE828B7666B00BC78AE /* Assets */ = {
			isa = PBXGroup;
			children = (
				8EC9EDBC28B759D100BC78AE /* Assets.xcassets */,
				8EC9EDE928B7668E00BC78AE /* Color Assets.xcassets */,
			);
			path = Assets;
			sourceTree = "<group>";
		};
		8EC9EDEB28B7686900BC78AE /* PList */ = {
			isa = PBXGroup;
			children = (
				8EC9EDC128B759D100BC78AE /* Info.plist */,
			);
			path = PList;
			sourceTree = "<group>";
		};
		8EC9EDEC28B7843D00BC78AE /* Supporting Files */ = {
			isa = PBXGroup;
			children = (
				8EC9EDED28B7848000BC78AE /* API */,
				8E86F83A28B8034A004FA943 /* Class */,
				8ECA934028BA971B00FD3A3A /* Fonts */,
				8E86F84F28B81715004FA943 /* Model */,
				8EC9EDF428B78A5100BC78AE /* Constant */,
				8EDBD27128BBDFA600DE93BC /* Extensions */,
			);
			path = "Supporting Files";
			sourceTree = "<group>";
		};
		8EC9EDED28B7848000BC78AE /* API */ = {
			isa = PBXGroup;
			children = (
				8EC9EDEE28B7848000BC78AE /* APIClient.swift */,
				8EC9EDEF28B7848000BC78AE /* APIRouter.swift */,
			);
			path = API;
			sourceTree = "<group>";
		};
		8EC9EDF428B78A5100BC78AE /* Constant */ = {
			isa = PBXGroup;
			children = (
				8EC9EDF528B78A6C00BC78AE /* singeltons.swift */,
				8ECA933A28BA2A1B00FD3A3A /* Constants.swift */,
				8E86F83F28B80CA5004FA943 /* Enums */,
			);
			path = Constant;
			sourceTree = "<group>";
		};
		8ECA932B28BA0BDA00FD3A3A /* Launches */ = {
			isa = PBXGroup;
			children = (
				8E7FEE0D28B95D6100A1F72A /* LaunchesAPI.swift */,
				8ECA932C28BA0C2800FD3A3A /* LaunchesAPIClient.swift */,
			);
			path = Launches;
			sourceTree = "<group>";
		};
		8ECA932E28BA183D00FD3A3A /* Model */ = {
			isa = PBXGroup;
			children = (
				8ECA933428BA1BC100FD3A3A /* LaunchesModel.swift */,
			);
			path = Model;
			sourceTree = "<group>";
		};
		8ECA932F28BA184200FD3A3A /* Repositories */ = {
			isa = PBXGroup;
			children = (
				8ECA933628BA1C0A00FD3A3A /* LaunchesAPIDataRequest.swift */,
				8ECA933828BA1C2100FD3A3A /* LaunchesFakeDataRequest.swift */,
				8ECA933028BA18AF00FD3A3A /* DataRequestRepository.swift */,
			);
			path = Repositories;
			sourceTree = "<group>";
		};
		8ECA934028BA971B00FD3A3A /* Fonts */ = {
			isa = PBXGroup;
			children = (
				8ECA934128BA976400FD3A3A /* Lato-Bold.ttf */,
				8EDBD27E28BC14A000DE93BC /* Lato-Black.ttf */,
				8ECA934228BA976400FD3A3A /* Lato-Medium.ttf */,
				8ECA934328BA976400FD3A3A /* Lato-Regular.ttf */,
				8ECA934728BA990400FD3A3A /* Fonts.swift */,
			);
			path = Fonts;
			sourceTree = "<group>";
		};
		8EDBD27128BBDFA600DE93BC /* Extensions */ = {
			isa = PBXGroup;
			children = (
				8E2AD0AC28BD1C5500E92FAA /* UIViewExtensions.swift */,
				8EDBD27228BBDFD100DE93BC /* UILabelExtensions.swift */,
			);
			path = Extensions;
			sourceTree = "<group>";
		};
		8EDBD27528BBF20C00DE93BC /* Cell */ = {
			isa = PBXGroup;
			children = (
				8EDBD27628BBF23700DE93BC /* LaunchesCollectionViewCell.swift */,
				8EDBD27728BBF23700DE93BC /* LaunchesCollectionViewCell.xib */,
			);
			path = Cell;
			sourceTree = "<group>";
		};
		9182A65EB2E476D0DD9ACE50 /* Frameworks */ = {
			isa = PBXGroup;
			children = (
				FF897A5A6D54DA10ABD449AB /* Pods_SpaceX.framework */,
			);
			name = Frameworks;
			sourceTree = "<group>";
		};
/* End PBXGroup section */

/* Begin PBXNativeTarget section */
		8EC9EDAF28B759CE00BC78AE /* SpaceX */ = {
			isa = PBXNativeTarget;
			buildConfigurationList = 8EC9EDDA28B759D100BC78AE /* Build configuration list for PBXNativeTarget "SpaceX" */;
			buildPhases = (
				187826A2DBE3B90BAB79FAD2 /* [CP] Check Pods Manifest.lock */,
				8EC9EDAC28B759CE00BC78AE /* Sources */,
				8EC9EDAD28B759CE00BC78AE /* Frameworks */,
				8EC9EDAE28B759CE00BC78AE /* Resources */,
				9B25223A632470E80EEAB6ED /* [CP] Embed Pods Frameworks */,
			);
			buildRules = (
			);
			dependencies = (
			);
			name = SpaceX;
			productName = SpaceX;
			productReference = 8EC9EDB028B759CE00BC78AE /* SpaceX.app */;
			productType = "com.apple.product-type.application";
		};
		8EC9EDC528B759D100BC78AE /* SpaceXTests */ = {
			isa = PBXNativeTarget;
			buildConfigurationList = 8EC9EDDD28B759D100BC78AE /* Build configuration list for PBXNativeTarget "SpaceXTests" */;
			buildPhases = (
				8EC9EDC228B759D100BC78AE /* Sources */,
				8EC9EDC328B759D100BC78AE /* Frameworks */,
				8EC9EDC428B759D100BC78AE /* Resources */,
			);
			buildRules = (
			);
			dependencies = (
				8EC9EDC828B759D100BC78AE /* PBXTargetDependency */,
			);
			name = SpaceXTests;
			productName = SpaceXTests;
			productReference = 8EC9EDC628B759D100BC78AE /* SpaceXTests.xctest */;
			productType = "com.apple.product-type.bundle.unit-test";
		};
		8EC9EDCF28B759D100BC78AE /* SpaceXUITests */ = {
			isa = PBXNativeTarget;
			buildConfigurationList = 8EC9EDE028B759D100BC78AE /* Build configuration list for PBXNativeTarget "SpaceXUITests" */;
			buildPhases = (
				8EC9EDCC28B759D100BC78AE /* Sources */,
				8EC9EDCD28B759D100BC78AE /* Frameworks */,
				8EC9EDCE28B759D100BC78AE /* Resources */,
			);
			buildRules = (
			);
			dependencies = (
				8EC9EDD228B759D100BC78AE /* PBXTargetDependency */,
			);
			name = SpaceXUITests;
			productName = SpaceXUITests;
			productReference = 8EC9EDD028B759D100BC78AE /* SpaceXUITests.xctest */;
			productType = "com.apple.product-type.bundle.ui-testing";
		};
/* End PBXNativeTarget section */

/* Begin PBXProject section */
		8EC9EDA828B759CE00BC78AE /* Project object */ = {
			isa = PBXProject;
			attributes = {
				BuildIndependentTargetsInParallel = 1;
				LastSwiftUpdateCheck = 1340;
				LastUpgradeCheck = 1340;
				TargetAttributes = {
					8EC9EDAF28B759CE00BC78AE = {
						CreatedOnToolsVersion = 13.4.1;
					};
					8EC9EDC528B759D100BC78AE = {
						CreatedOnToolsVersion = 13.4.1;
						TestTargetID = 8EC9EDAF28B759CE00BC78AE;
					};
					8EC9EDCF28B759D100BC78AE = {
						CreatedOnToolsVersion = 13.4.1;
						TestTargetID = 8EC9EDAF28B759CE00BC78AE;
					};
				};
			};
			buildConfigurationList = 8EC9EDAB28B759CE00BC78AE /* Build configuration list for PBXProject "SpaceX" */;
			compatibilityVersion = "Xcode 13.0";
			developmentRegion = en;
			hasScannedForEncodings = 0;
			knownRegions = (
				en,
				Base,
			);
			mainGroup = 8EC9EDA728B759CE00BC78AE;
			productRefGroup = 8EC9EDB128B759CE00BC78AE /* Products */;
			projectDirPath = "";
			projectRoot = "";
			targets = (
				8EC9EDAF28B759CE00BC78AE /* SpaceX */,
				8EC9EDC528B759D100BC78AE /* SpaceXTests */,
				8EC9EDCF28B759D100BC78AE /* SpaceXUITests */,
			);
		};
/* End PBXProject section */

/* Begin PBXResourcesBuildPhase section */
		8EC9EDAE28B759CE00BC78AE /* Resources */ = {
			isa = PBXResourcesBuildPhase;
			buildActionMask = 2147483647;
			files = (
				8EC9EDC028B759D100BC78AE /* LaunchScreen.storyboard in Resources */,
				8ECA934428BA976400FD3A3A /* Lato-Bold.ttf in Resources */,
				8EC9EDBD28B759D100BC78AE /* Assets.xcassets in Resources */,
				8ECA934628BA976400FD3A3A /* Lato-Regular.ttf in Resources */,
				8EDBD27928BBF23700DE93BC /* LaunchesCollectionViewCell.xib in Resources */,
				8EC9EDBB28B759CE00BC78AE /* Main.storyboard in Resources */,
				8EC9EDEA28B7668E00BC78AE /* Color Assets.xcassets in Resources */,
				8ECA934528BA976400FD3A3A /* Lato-Medium.ttf in Resources */,
				8EDBD27F28BC14A000DE93BC /* Lato-Black.ttf in Resources */,
				8E86F84728B81099004FA943 /* Launches.storyboard in Resources */,
			);
			runOnlyForDeploymentPostprocessing = 0;
		};
		8EC9EDC428B759D100BC78AE /* Resources */ = {
			isa = PBXResourcesBuildPhase;
			buildActionMask = 2147483647;
			files = (
			);
			runOnlyForDeploymentPostprocessing = 0;
		};
		8EC9EDCE28B759D100BC78AE /* Resources */ = {
			isa = PBXResourcesBuildPhase;
			buildActionMask = 2147483647;
			files = (
			);
			runOnlyForDeploymentPostprocessing = 0;
		};
/* End PBXResourcesBuildPhase section */

/* Begin PBXShellScriptBuildPhase section */
		187826A2DBE3B90BAB79FAD2 /* [CP] Check Pods Manifest.lock */ = {
			isa = PBXShellScriptBuildPhase;
			buildActionMask = 2147483647;
			files = (
			);
			inputFileListPaths = (
			);
			inputPaths = (
				"${PODS_PODFILE_DIR_PATH}/Podfile.lock",
				"${PODS_ROOT}/Manifest.lock",
			);
			name = "[CP] Check Pods Manifest.lock";
			outputFileListPaths = (
			);
			outputPaths = (
				"$(DERIVED_FILE_DIR)/Pods-SpaceX-checkManifestLockResult.txt",
			);
			runOnlyForDeploymentPostprocessing = 0;
			shellPath = /bin/sh;
			shellScript = "diff \"${PODS_PODFILE_DIR_PATH}/Podfile.lock\" \"${PODS_ROOT}/Manifest.lock\" > /dev/null\nif [ $? != 0 ] ; then\n    # print error to STDERR\n    echo \"error: The sandbox is not in sync with the Podfile.lock. Run 'pod install' or update your CocoaPods installation.\" >&2\n    exit 1\nfi\n# This output is used by Xcode 'outputs' to avoid re-running this script phase.\necho \"SUCCESS\" > \"${SCRIPT_OUTPUT_FILE_0}\"\n";
			showEnvVarsInLog = 0;
		};
		9B25223A632470E80EEAB6ED /* [CP] Embed Pods Frameworks */ = {
			isa = PBXShellScriptBuildPhase;
			buildActionMask = 2147483647;
			files = (
			);
			inputFileListPaths = (
				"${PODS_ROOT}/Target Support Files/Pods-SpaceX/Pods-SpaceX-frameworks-${CONFIGURATION}-input-files.xcfilelist",
			);
			name = "[CP] Embed Pods Frameworks";
			outputFileListPaths = (
				"${PODS_ROOT}/Target Support Files/Pods-SpaceX/Pods-SpaceX-frameworks-${CONFIGURATION}-output-files.xcfilelist",
			);
			runOnlyForDeploymentPostprocessing = 0;
			shellPath = /bin/sh;
			shellScript = "\"${PODS_ROOT}/Target Support Files/Pods-SpaceX/Pods-SpaceX-frameworks.sh\"\n";
			showEnvVarsInLog = 0;
		};
/* End PBXShellScriptBuildPhase section */

/* Begin PBXSourcesBuildPhase section */
		8EC9EDAC28B759CE00BC78AE /* Sources */ = {
			isa = PBXSourcesBuildPhase;
			buildActionMask = 2147483647;
			files = (
				8EDBD27028BBDF0100DE93BC /* UIStyle.swift in Sources */,
				8ECA932D28BA0C2800FD3A3A /* LaunchesAPIClient.swift in Sources */,
				8EDBD27328BBDFD100DE93BC /* UILabelExtensions.swift in Sources */,
				8E86F83C28B8035F004FA943 /* Box.swift in Sources */,
				8E86F85228B8174C004FA943 /* APIPath.swift in Sources */,
				8E86F84928B810B9004FA943 /* LaunchesViewController.swift in Sources */,
				8E86F84C28B810E4004FA943 /* LaunchesViewModel.swift in Sources */,
				8ECA933528BA1BC100FD3A3A /* LaunchesModel.swift in Sources */,
				8E86F84128B80CC5004FA943 /* Storyboard.swift in Sources */,
				8EC9EDF328B784CD00BC78AE /* DefaultViewController.swift in Sources */,
				8ECA933D28BA527100FD3A3A /* IsTesting.swift in Sources */,
				8EC9EDB428B759CE00BC78AE /* AppDelegate.swift in Sources */,
				8ECA933128BA18AF00FD3A3A /* DataRequestRepository.swift in Sources */,
				8ECA933328BA198A00FD3A3A /* GenericResponseResult.swift in Sources */,
				8EC9EDF128B7848000BC78AE /* APIRouter.swift in Sources */,
				8E7FEE1028B95DAD00A1F72A /* Launches.swift in Sources */,
				8E86F83928B8021B004FA943 /* LoadingViewModel.swift in Sources */,
				8E7FEE0E28B95D6100A1F72A /* LaunchesAPI.swift in Sources */,
				8E86F84E28B81706004FA943 /* Webservice.swift in Sources */,
				8EC9EDF628B78A6C00BC78AE /* singeltons.swift in Sources */,
				8EDBD27828BBF23700DE93BC /* LaunchesCollectionViewCell.swift in Sources */,
				8ECA933F28BA5A2000FD3A3A /* Alert.swift in Sources */,
				8ECA933728BA1C0A00FD3A3A /* LaunchesAPIDataRequest.swift in Sources */,
				8EC9EDB628B759CE00BC78AE /* SceneDelegate.swift in Sources */,
				8E86F83E28B8062B004FA943 /* LoadingViewController.swift in Sources */,
				8ECA933928BA1C2200FD3A3A /* LaunchesFakeDataRequest.swift in Sources */,
				8E2AD0AD28BD1C5500E92FAA /* UIViewExtensions.swift in Sources */,
				8EC9EDF028B7848000BC78AE /* APIClient.swift in Sources */,
				8E86F83728B801A8004FA943 /* LoadingModel.swift in Sources */,
				8ECA934A28BA9B7C00FD3A3A /* AppColors.swift in Sources */,
				8ECA934828BA990400FD3A3A /* Fonts.swift in Sources */,
				8ECA933B28BA2A1B00FD3A3A /* Constants.swift in Sources */,
			);
			runOnlyForDeploymentPostprocessing = 0;
		};
		8EC9EDC228B759D100BC78AE /* Sources */ = {
			isa = PBXSourcesBuildPhase;
			buildActionMask = 2147483647;
			files = (
				8EC9EDCB28B759D100BC78AE /* SpaceXTests.swift in Sources */,
			);
			runOnlyForDeploymentPostprocessing = 0;
		};
		8EC9EDCC28B759D100BC78AE /* Sources */ = {
			isa = PBXSourcesBuildPhase;
			buildActionMask = 2147483647;
			files = (
				8EC9EDD728B759D100BC78AE /* SpaceXUITestsLaunchTests.swift in Sources */,
				8EC9EDD528B759D100BC78AE /* SpaceXUITests.swift in Sources */,
			);
			runOnlyForDeploymentPostprocessing = 0;
		};
/* End PBXSourcesBuildPhase section */

/* Begin PBXTargetDependency section */
		8EC9EDC828B759D100BC78AE /* PBXTargetDependency */ = {
			isa = PBXTargetDependency;
			target = 8EC9EDAF28B759CE00BC78AE /* SpaceX */;
			targetProxy = 8EC9EDC728B759D100BC78AE /* PBXContainerItemProxy */;
		};
		8EC9EDD228B759D100BC78AE /* PBXTargetDependency */ = {
			isa = PBXTargetDependency;
			target = 8EC9EDAF28B759CE00BC78AE /* SpaceX */;
			targetProxy = 8EC9EDD128B759D100BC78AE /* PBXContainerItemProxy */;
		};
/* End PBXTargetDependency section */

/* Begin PBXVariantGroup section */
		8EC9EDB928B759CE00BC78AE /* Main.storyboard */ = {
			isa = PBXVariantGroup;
			children = (
				8EC9EDBA28B759CE00BC78AE /* Base */,
			);
			name = Main.storyboard;
			sourceTree = "<group>";
		};
		8EC9EDBE28B759D100BC78AE /* LaunchScreen.storyboard */ = {
			isa = PBXVariantGroup;
			children = (
				8EC9EDBF28B759D100BC78AE /* Base */,
			);
			name = LaunchScreen.storyboard;
			sourceTree = "<group>";
		};
/* End PBXVariantGroup section */

/* Begin XCBuildConfiguration section */
		8EC9EDD828B759D100BC78AE /* Debug */ = {
			isa = XCBuildConfiguration;
			buildSettings = {
				ALWAYS_SEARCH_USER_PATHS = NO;
				CLANG_ANALYZER_NONNULL = YES;
				CLANG_ANALYZER_NUMBER_OBJECT_CONVERSION = YES_AGGRESSIVE;
				CLANG_CXX_LANGUAGE_STANDARD = "gnu++17";
				CLANG_ENABLE_MODULES = YES;
				CLANG_ENABLE_OBJC_ARC = YES;
				CLANG_ENABLE_OBJC_WEAK = YES;
				CLANG_WARN_BLOCK_CAPTURE_AUTORELEASING = YES;
				CLANG_WARN_BOOL_CONVERSION = YES;
				CLANG_WARN_COMMA = YES;
				CLANG_WARN_CONSTANT_CONVERSION = YES;
				CLANG_WARN_DEPRECATED_OBJC_IMPLEMENTATIONS = YES;
				CLANG_WARN_DIRECT_OBJC_ISA_USAGE = YES_ERROR;
				CLANG_WARN_DOCUMENTATION_COMMENTS = YES;
				CLANG_WARN_EMPTY_BODY = YES;
				CLANG_WARN_ENUM_CONVERSION = YES;
				CLANG_WARN_INFINITE_RECURSION = YES;
				CLANG_WARN_INT_CONVERSION = YES;
				CLANG_WARN_NON_LITERAL_NULL_CONVERSION = YES;
				CLANG_WARN_OBJC_IMPLICIT_RETAIN_SELF = YES;
				CLANG_WARN_OBJC_LITERAL_CONVERSION = YES;
				CLANG_WARN_OBJC_ROOT_CLASS = YES_ERROR;
				CLANG_WARN_QUOTED_INCLUDE_IN_FRAMEWORK_HEADER = YES;
				CLANG_WARN_RANGE_LOOP_ANALYSIS = YES;
				CLANG_WARN_STRICT_PROTOTYPES = YES;
				CLANG_WARN_SUSPICIOUS_MOVE = YES;
				CLANG_WARN_UNGUARDED_AVAILABILITY = YES_AGGRESSIVE;
				CLANG_WARN_UNREACHABLE_CODE = YES;
				CLANG_WARN__DUPLICATE_METHOD_MATCH = YES;
				COPY_PHASE_STRIP = NO;
				DEBUG_INFORMATION_FORMAT = dwarf;
				ENABLE_STRICT_OBJC_MSGSEND = YES;
				ENABLE_TESTABILITY = YES;
				GCC_C_LANGUAGE_STANDARD = gnu11;
				GCC_DYNAMIC_NO_PIC = NO;
				GCC_NO_COMMON_BLOCKS = YES;
				GCC_OPTIMIZATION_LEVEL = 0;
				GCC_PREPROCESSOR_DEFINITIONS = (
					"DEBUG=1",
					"$(inherited)",
				);
				GCC_WARN_64_TO_32_BIT_CONVERSION = YES;
				GCC_WARN_ABOUT_RETURN_TYPE = YES_ERROR;
				GCC_WARN_UNDECLARED_SELECTOR = YES;
				GCC_WARN_UNINITIALIZED_AUTOS = YES_AGGRESSIVE;
				GCC_WARN_UNUSED_FUNCTION = YES;
				GCC_WARN_UNUSED_VARIABLE = YES;
				IPHONEOS_DEPLOYMENT_TARGET = 15.5;
				MTL_ENABLE_DEBUG_INFO = INCLUDE_SOURCE;
				MTL_FAST_MATH = YES;
				ONLY_ACTIVE_ARCH = YES;
				SDKROOT = iphoneos;
				SWIFT_ACTIVE_COMPILATION_CONDITIONS = DEBUG;
				SWIFT_OPTIMIZATION_LEVEL = "-Onone";
			};
			name = Debug;
		};
		8EC9EDD928B759D100BC78AE /* Release */ = {
			isa = XCBuildConfiguration;
			buildSettings = {
				ALWAYS_SEARCH_USER_PATHS = NO;
				CLANG_ANALYZER_NONNULL = YES;
				CLANG_ANALYZER_NUMBER_OBJECT_CONVERSION = YES_AGGRESSIVE;
				CLANG_CXX_LANGUAGE_STANDARD = "gnu++17";
				CLANG_ENABLE_MODULES = YES;
				CLANG_ENABLE_OBJC_ARC = YES;
				CLANG_ENABLE_OBJC_WEAK = YES;
				CLANG_WARN_BLOCK_CAPTURE_AUTORELEASING = YES;
				CLANG_WARN_BOOL_CONVERSION = YES;
				CLANG_WARN_COMMA = YES;
				CLANG_WARN_CONSTANT_CONVERSION = YES;
				CLANG_WARN_DEPRECATED_OBJC_IMPLEMENTATIONS = YES;
				CLANG_WARN_DIRECT_OBJC_ISA_USAGE = YES_ERROR;
				CLANG_WARN_DOCUMENTATION_COMMENTS = YES;
				CLANG_WARN_EMPTY_BODY = YES;
				CLANG_WARN_ENUM_CONVERSION = YES;
				CLANG_WARN_INFINITE_RECURSION = YES;
				CLANG_WARN_INT_CONVERSION = YES;
				CLANG_WARN_NON_LITERAL_NULL_CONVERSION = YES;
				CLANG_WARN_OBJC_IMPLICIT_RETAIN_SELF = YES;
				CLANG_WARN_OBJC_LITERAL_CONVERSION = YES;
				CLANG_WARN_OBJC_ROOT_CLASS = YES_ERROR;
				CLANG_WARN_QUOTED_INCLUDE_IN_FRAMEWORK_HEADER = YES;
				CLANG_WARN_RANGE_LOOP_ANALYSIS = YES;
				CLANG_WARN_STRICT_PROTOTYPES = YES;
				CLANG_WARN_SUSPICIOUS_MOVE = YES;
				CLANG_WARN_UNGUARDED_AVAILABILITY = YES_AGGRESSIVE;
				CLANG_WARN_UNREACHABLE_CODE = YES;
				CLANG_WARN__DUPLICATE_METHOD_MATCH = YES;
				COPY_PHASE_STRIP = NO;
				DEBUG_INFORMATION_FORMAT = "dwarf-with-dsym";
				ENABLE_NS_ASSERTIONS = NO;
				ENABLE_STRICT_OBJC_MSGSEND = YES;
				GCC_C_LANGUAGE_STANDARD = gnu11;
				GCC_NO_COMMON_BLOCKS = YES;
				GCC_WARN_64_TO_32_BIT_CONVERSION = YES;
				GCC_WARN_ABOUT_RETURN_TYPE = YES_ERROR;
				GCC_WARN_UNDECLARED_SELECTOR = YES;
				GCC_WARN_UNINITIALIZED_AUTOS = YES_AGGRESSIVE;
				GCC_WARN_UNUSED_FUNCTION = YES;
				GCC_WARN_UNUSED_VARIABLE = YES;
				IPHONEOS_DEPLOYMENT_TARGET = 15.5;
				MTL_ENABLE_DEBUG_INFO = NO;
				MTL_FAST_MATH = YES;
				SDKROOT = iphoneos;
				SWIFT_COMPILATION_MODE = wholemodule;
				SWIFT_OPTIMIZATION_LEVEL = "-O";
				VALIDATE_PRODUCT = YES;
			};
			name = Release;
		};
		8EC9EDDB28B759D100BC78AE /* Debug */ = {
			isa = XCBuildConfiguration;
			baseConfigurationReference = 17BF3344D483F89B3F04E448 /* Pods-SpaceX.debug.xcconfig */;
			buildSettings = {
				ASSETCATALOG_COMPILER_APPICON_NAME = AppIcon;
				ASSETCATALOG_COMPILER_GLOBAL_ACCENT_COLOR_NAME = AccentColor;
				CODE_SIGN_STYLE = Automatic;
				CURRENT_PROJECT_VERSION = 1;
				GENERATE_INFOPLIST_FILE = YES;
				INFOPLIST_FILE = SpaceX/PList/Info.plist;
				INFOPLIST_KEY_UIApplicationSupportsIndirectInputEvents = YES;
				INFOPLIST_KEY_UILaunchStoryboardName = LaunchScreen;
				INFOPLIST_KEY_UIMainStoryboardFile = Main;
				INFOPLIST_KEY_UISupportedInterfaceOrientations_iPad = "UIInterfaceOrientationPortrait UIInterfaceOrientationPortraitUpsideDown UIInterfaceOrientationLandscapeLeft UIInterfaceOrientationLandscapeRight";
				INFOPLIST_KEY_UISupportedInterfaceOrientations_iPhone = "UIInterfaceOrientationPortrait UIInterfaceOrientationLandscapeLeft UIInterfaceOrientationLandscapeRight";
				IPHONEOS_DEPLOYMENT_TARGET = 13.0;
				LD_RUNPATH_SEARCH_PATHS = (
					"$(inherited)",
					"@executable_path/Frameworks",
				);
				MARKETING_VERSION = 1.0;
				PRODUCT_BUNDLE_IDENTIFIER = com.SpaceX;
				PRODUCT_NAME = "$(TARGET_NAME)";
				SWIFT_EMIT_LOC_STRINGS = YES;
				SWIFT_VERSION = 5.0;
				TARGETED_DEVICE_FAMILY = "1,2";
			};
			name = Debug;
		};
		8EC9EDDC28B759D100BC78AE /* Release */ = {
			isa = XCBuildConfiguration;
			baseConfigurationReference = 715C645B378A21E322D1808C /* Pods-SpaceX.release.xcconfig */;
			buildSettings = {
				ASSETCATALOG_COMPILER_APPICON_NAME = AppIcon;
				ASSETCATALOG_COMPILER_GLOBAL_ACCENT_COLOR_NAME = AccentColor;
				CODE_SIGN_STYLE = Automatic;
				CURRENT_PROJECT_VERSION = 1;
				GENERATE_INFOPLIST_FILE = YES;
				INFOPLIST_FILE = SpaceX/PList/Info.plist;
				INFOPLIST_KEY_UIApplicationSupportsIndirectInputEvents = YES;
				INFOPLIST_KEY_UILaunchStoryboardName = LaunchScreen;
				INFOPLIST_KEY_UIMainStoryboardFile = Main;
				INFOPLIST_KEY_UISupportedInterfaceOrientations_iPad = "UIInterfaceOrientationPortrait UIInterfaceOrientationPortraitUpsideDown UIInterfaceOrientationLandscapeLeft UIInterfaceOrientationLandscapeRight";
				INFOPLIST_KEY_UISupportedInterfaceOrientations_iPhone = "UIInterfaceOrientationPortrait UIInterfaceOrientationLandscapeLeft UIInterfaceOrientationLandscapeRight";
				IPHONEOS_DEPLOYMENT_TARGET = 13.0;
				LD_RUNPATH_SEARCH_PATHS = (
					"$(inherited)",
					"@executable_path/Frameworks",
				);
				MARKETING_VERSION = 1.0;
				PRODUCT_BUNDLE_IDENTIFIER = com.SpaceX;
				PRODUCT_NAME = "$(TARGET_NAME)";
				SWIFT_EMIT_LOC_STRINGS = YES;
				SWIFT_VERSION = 5.0;
				TARGETED_DEVICE_FAMILY = "1,2";
			};
			name = Release;
		};
		8EC9EDDE28B759D100BC78AE /* Debug */ = {
			isa = XCBuildConfiguration;
			buildSettings = {
				ALWAYS_EMBED_SWIFT_STANDARD_LIBRARIES = YES;
				BUNDLE_LOADER = "$(TEST_HOST)";
				CODE_SIGN_STYLE = Manual;
				CURRENT_PROJECT_VERSION = 1;
				DEVELOPMENT_TEAM = "";
				GENERATE_INFOPLIST_FILE = YES;
				IPHONEOS_DEPLOYMENT_TARGET = 15.5;
				MARKETING_VERSION = 1.0;
				PRODUCT_BUNDLE_IDENTIFIER = com.SpaceXTests;
				PRODUCT_NAME = "$(TARGET_NAME)";
				PROVISIONING_PROFILE_SPECIFIER = "";
				"PROVISIONING_PROFILE_SPECIFIER[sdk=macosx*]" = "";
				SWIFT_EMIT_LOC_STRINGS = NO;
				SWIFT_VERSION = 5.0;
				TARGETED_DEVICE_FAMILY = "1,2";
				TEST_HOST = "$(BUILT_PRODUCTS_DIR)/SpaceX.app/SpaceX";
			};
			name = Debug;
		};
		8EC9EDDF28B759D100BC78AE /* Release */ = {
			isa = XCBuildConfiguration;
			buildSettings = {
				ALWAYS_EMBED_SWIFT_STANDARD_LIBRARIES = YES;
				BUNDLE_LOADER = "$(TEST_HOST)";
				CODE_SIGN_STYLE = Manual;
				CURRENT_PROJECT_VERSION = 1;
				DEVELOPMENT_TEAM = "";
				GENERATE_INFOPLIST_FILE = YES;
				IPHONEOS_DEPLOYMENT_TARGET = 15.5;
				MARKETING_VERSION = 1.0;
				PRODUCT_BUNDLE_IDENTIFIER = com.SpaceXTests;
				PRODUCT_NAME = "$(TARGET_NAME)";
				PROVISIONING_PROFILE_SPECIFIER = "";
				"PROVISIONING_PROFILE_SPECIFIER[sdk=macosx*]" = "";
				SWIFT_EMIT_LOC_STRINGS = NO;
				SWIFT_VERSION = 5.0;
				TARGETED_DEVICE_FAMILY = "1,2";
				TEST_HOST = "$(BUILT_PRODUCTS_DIR)/SpaceX.app/SpaceX";
			};
			name = Release;
		};
		8EC9EDE128B759D100BC78AE /* Debug */ = {
			isa = XCBuildConfiguration;
			buildSettings = {
				ALWAYS_EMBED_SWIFT_STANDARD_LIBRARIES = YES;
				CODE_SIGN_STYLE = Automatic;
				CURRENT_PROJECT_VERSION = 1;
				GENERATE_INFOPLIST_FILE = YES;
				MARKETING_VERSION = 1.0;
				PRODUCT_BUNDLE_IDENTIFIER = com.SpaceXUITests;
				PRODUCT_NAME = "$(TARGET_NAME)";
				SWIFT_EMIT_LOC_STRINGS = NO;
				SWIFT_VERSION = 5.0;
				TARGETED_DEVICE_FAMILY = "1,2";
				TEST_TARGET_NAME = SpaceX;
			};
			name = Debug;
		};
		8EC9EDE228B759D100BC78AE /* Release */ = {
			isa = XCBuildConfiguration;
			buildSettings = {
				ALWAYS_EMBED_SWIFT_STANDARD_LIBRARIES = YES;
				CODE_SIGN_STYLE = Automatic;
				CURRENT_PROJECT_VERSION = 1;
				GENERATE_INFOPLIST_FILE = YES;
				MARKETING_VERSION = 1.0;
				PRODUCT_BUNDLE_IDENTIFIER = com.SpaceXUITests;
				PRODUCT_NAME = "$(TARGET_NAME)";
				SWIFT_EMIT_LOC_STRINGS = NO;
				SWIFT_VERSION = 5.0;
				TARGETED_DEVICE_FAMILY = "1,2";
				TEST_TARGET_NAME = SpaceX;
			};
			name = Release;
		};
/* End XCBuildConfiguration section */

/* Begin XCConfigurationList section */
		8EC9EDAB28B759CE00BC78AE /* Build configuration list for PBXProject "SpaceX" */ = {
			isa = XCConfigurationList;
			buildConfigurations = (
				8EC9EDD828B759D100BC78AE /* Debug */,
				8EC9EDD928B759D100BC78AE /* Release */,
			);
			defaultConfigurationIsVisible = 0;
			defaultConfigurationName = Release;
		};
		8EC9EDDA28B759D100BC78AE /* Build configuration list for PBXNativeTarget "SpaceX" */ = {
			isa = XCConfigurationList;
			buildConfigurations = (
				8EC9EDDB28B759D100BC78AE /* Debug */,
				8EC9EDDC28B759D100BC78AE /* Release */,
			);
			defaultConfigurationIsVisible = 0;
			defaultConfigurationName = Release;
		};
		8EC9EDDD28B759D100BC78AE /* Build configuration list for PBXNativeTarget "SpaceXTests" */ = {
			isa = XCConfigurationList;
			buildConfigurations = (
				8EC9EDDE28B759D100BC78AE /* Debug */,
				8EC9EDDF28B759D100BC78AE /* Release */,
			);
			defaultConfigurationIsVisible = 0;
			defaultConfigurationName = Release;
		};
		8EC9EDE028B759D100BC78AE /* Build configuration list for PBXNativeTarget "SpaceXUITests" */ = {
			isa = XCConfigurationList;
			buildConfigurations = (
				8EC9EDE128B759D100BC78AE /* Debug */,
				8EC9EDE228B759D100BC78AE /* Release */,
			);
			defaultConfigurationIsVisible = 0;
			defaultConfigurationName = Release;
		};
/* End XCConfigurationList section */
	};
	rootObject = 8EC9EDA828B759CE00BC78AE /* Project object */;
}
